
Microsoft Visual Studio Solution File, Format Version 12.00
# Visual Studio 15
VisualStudioVersion = 15.0.28307.489
MinimumVisualStudioVersion = 10.0.40219.1
Project("{FAE04EC0-301F-11D3-BF4B-00C04F79EFBC}") = "Backend", "Backend\Backend.csproj", "{330A95C6-B60D-4ED1-9B8D-C22C28B9C01F}"
EndProject
Global
	GlobalSection(SolutionConfigurationPlatforms) = preSolution
		Debug|Any CPU = Debug|Any CPU
		Release|Any CPU = Release|Any CPU
	EndGlobalSection
	GlobalSection(ProjectConfigurationPlatforms) = postSolution
		{330A95C6-B60D-4ED1-9B8D-C22C28B9C01F}.Debug|Any CPU.ActiveCfg = Debug|Any CPU
		{330A95C6-B60D-4ED1-9B8D-C22C28B9C01F}.Debug|Any CPU.Build.0 = Debug|Any CPU
		{330A95C6-B60D-4ED1-9B8D-C22C28B9C01F}.Release|Any CPU.ActiveCfg = Release|Any CPU
		{330A95C6-B60D-4ED1-9B8D-C22C28B9C01F}.Release|Any CPU.Build.0 = Release|Any CPU
	EndGlobalSection
	GlobalSection(SolutionProperties) = preSolution
		HideSolutionNode = FALSE
	EndGlobalSection
	GlobalSection(ExtensibilityGlobals) = postSolution
		SolutionGuid = {2E382946-A9DB-4C5B-9316-DFA9AA975F9D}
	EndGlobalSection
EndGlobal
